
Microsoft Visual Studio Solution File, Format Version 12.00
# Visual Studio 15
VisualStudioVersion = 15.0.28307.329
MinimumVisualStudioVersion = 10.0.40219.1
Project("{FAE04EC0-301F-11D3-BF4B-00C04F79EFBC}") = "Proyecto10", "Proyecto10\Proyecto10.csproj", "{DF873D76-8329-427E-B717-E6FC919407E2}"
EndProject
Project("{FAE04EC0-301F-11D3-BF4B-00C04F79EFBC}") = "CaracteristicasPuerto", "CaracteristicasPuerto\CaracteristicasPuerto.csproj", "{7EDD3FE5-15D0-4D56-8FCD-ACBECB2454BF}"
EndProject
Global
	GlobalSection(SolutionConfigurationPlatforms) = preSolution
		Debug|Any CPU = Debug|Any CPU
		Release|Any CPU = Release|Any CPU
	EndGlobalSection
	GlobalSection(ProjectConfigurationPlatforms) = postSolution
		{DF873D76-8329-427E-B717-E6FC919407E2}.Debug|Any CPU.ActiveCfg = Debug|Any CPU
		{DF873D76-8329-427E-B717-E6FC919407E2}.Debug|Any CPU.Build.0 = Debug|Any CPU
		{DF873D76-8329-427E-B717-E6FC919407E2}.Release|Any CPU.ActiveCfg = Release|Any CPU
		{DF873D76-8329-427E-B717-E6FC919407E2}.Release|Any CPU.Build.0 = Release|Any CPU
		{7EDD3FE5-15D0-4D56-8FCD-ACBECB2454BF}.Debug|Any CPU.ActiveCfg = Debug|Any CPU
		{7EDD3FE5-15D0-4D56-8FCD-ACBECB2454BF}.Debug|Any CPU.Build.0 = Debug|Any CPU
		{7EDD3FE5-15D0-4D56-8FCD-ACBECB2454BF}.Release|Any CPU.ActiveCfg = Release|Any CPU
		{7EDD3FE5-15D0-4D56-8FCD-ACBECB2454BF}.Release|Any CPU.Build.0 = Release|Any CPU
	EndGlobalSection
	GlobalSection(SolutionProperties) = preSolution
		HideSolutionNode = FALSE
	EndGlobalSection
	GlobalSection(ExtensibilityGlobals) = postSolution
		SolutionGuid = {CC7EDB25-4D05-4A22-803B-4CB57BECF94C}
	EndGlobalSection
EndGlobal
